
Microsoft Visual Studio Solution File, Format Version 12.00
# Visual Studio 15
Project("{FAE04EC0-301F-11D3-BF4B-00C04F79EFBC}") = "Microsoft.MixedReality.Toolkit.SDK", "Microsoft.MixedReality.Toolkit.SDK.csproj", "{7449765F-172F-DF7D-3A01-4A438B452C89}"
EndProject
Project("{FAE04EC0-301F-11D3-BF4B-00C04F79EFBC}") = "Microsoft.MixedReality.Toolkit.Providers.OpenVR", "Microsoft.MixedReality.Toolkit.Providers.OpenVR.csproj", "{03092222-08B3-BAB4-E4AF-13661E6EF966}"
EndProject
Project("{FAE04EC0-301F-11D3-BF4B-00C04F79EFBC}") = "Microsoft.MixedReality.Toolkit", "Microsoft.MixedReality.Toolkit.csproj", "{EB767E08-4CD4-15B4-1AF3-47912072015C}"
EndProject
Project("{FAE04EC0-301F-11D3-BF4B-00C04F79EFBC}") = "Microsoft.MixedReality.Toolkit.Services.SpatialAwarenessSystem", "Microsoft.MixedReality.Toolkit.Services.SpatialAwarenessSystem.csproj", "{4158D5CC-C803-61EF-4A40-B4913E2EB528}"
EndProject
Project("{FAE04EC0-301F-11D3-BF4B-00C04F79EFBC}") = "Microsoft.MixedReality.Toolkit.Gltf", "Microsoft.MixedReality.Toolkit.Gltf.csproj", "{F49256F0-B39A-8C47-F71E-2EF1302A2A36}"
EndProject
Project("{FAE04EC0-301F-11D3-BF4B-00C04F79EFBC}") = "Microsoft.MixedReality.Toolkit.Services.SceneSystem", "Microsoft.MixedReality.Toolkit.Services.SceneSystem.csproj", "{6AF4869D-D64D-29EC-1C10-BB40CAF59057}"
EndProject
Project("{FAE04EC0-301F-11D3-BF4B-00C04F79EFBC}") = "Microsoft.MixedReality.Toolkit.Services.InputSystem", "Microsoft.MixedReality.Toolkit.Services.InputSystem.csproj", "{438C9CBD-66EA-9440-4EAE-45C95D274979}"
EndProject
Project("{FAE04EC0-301F-11D3-BF4B-00C04F79EFBC}") = "Microsoft.MixedReality.Toolkit.Services.InputSimulation", "Microsoft.MixedReality.Toolkit.Services.InputSimulation.csproj", "{35118D0D-CFF3-F537-4006-979607B1C221}"
EndProject
Project("{FAE04EC0-301F-11D3-BF4B-00C04F79EFBC}") = "Microsoft.MixedReality.Toolkit.Services.InputAnimation", "Microsoft.MixedReality.Toolkit.Services.InputAnimation.csproj", "{00838AD3-FF17-80ED-5EC7-060511523E67}"
EndProject
Project("{FAE04EC0-301F-11D3-BF4B-00C04F79EFBC}") = "Microsoft.MixedReality.Toolkit.Providers.WindowsVoiceInput", "Microsoft.MixedReality.Toolkit.Providers.WindowsVoiceInput.csproj", "{05DBD97F-6BD7-A5FC-99FC-7A568BD205FD}"
EndProject
Project("{FAE04EC0-301F-11D3-BF4B-00C04F79EFBC}") = "Microsoft.MixedReality.Toolkit.Services.DiagnosticsSystem", "Microsoft.MixedReality.Toolkit.Services.DiagnosticsSystem.csproj", "{87C723CF-32BE-2BF3-851A-7FC1ADBA93CD}"
EndProject
Project("{FAE04EC0-301F-11D3-BF4B-00C04F79EFBC}") = "Microsoft.MixedReality.Toolkit.Async", "Microsoft.MixedReality.Toolkit.Async.csproj", "{BC2B8274-C72D-8342-6A12-23DD7170B777}"
EndProject
Project("{FAE04EC0-301F-11D3-BF4B-00C04F79EFBC}") = "Microsoft.MixedReality.Toolkit.Providers.WindowsMixedReality", "Microsoft.MixedReality.Toolkit.Providers.WindowsMixedReality.csproj", "{BB12537D-1024-1BA3-32D5-90C631A5D7A7}"
EndProject
Project("{FAE04EC0-301F-11D3-BF4B-00C04F79EFBC}") = "Microsoft.MixedReality.Toolkit.Services.TeleportSystem", "Microsoft.MixedReality.Toolkit.Services.TeleportSystem.csproj", "{3C6F19F6-AA53-DE1A-2245-6E2AB99A0A95}"
EndProject
Project("{FAE04EC0-301F-11D3-BF4B-00C04F79EFBC}") = "Microsoft.MixedReality.Toolkit.Services.CameraSystem", "Microsoft.MixedReality.Toolkit.Services.CameraSystem.csproj", "{C5079C72-4C4D-46F1-D8B6-7F8687A15A8A}"
EndProject
Project("{FAE04EC0-301F-11D3-BF4B-00C04F79EFBC}") = "Microsoft.MixedReality.Toolkit.Services.BoundarySystem", "Microsoft.MixedReality.Toolkit.Services.BoundarySystem.csproj", "{726AD383-C025-DFB3-AA54-F8B82DA60D5C}"
EndProject
Project("{FAE04EC0-301F-11D3-BF4B-00C04F79EFBC}") = "Microsoft.MixedReality.Toolkit.SDK.Inspectors", "Microsoft.MixedReality.Toolkit.SDK.Inspectors.csproj", "{F390FDCA-0D2D-35FB-7CA1-F60AB28B069F}"
EndProject
Project("{FAE04EC0-301F-11D3-BF4B-00C04F79EFBC}") = "Microsoft.MixedReality.Toolkit.Editor.Inspectors", "Microsoft.MixedReality.Toolkit.Editor.Inspectors.csproj", "{95537701-C3D4-879A-F8E3-D0118BE94D01}"
EndProject
Project("{FAE04EC0-301F-11D3-BF4B-00C04F79EFBC}") = "Microsoft.MixedReality.Toolkit.Editor.ServiceInspectors", "Microsoft.MixedReality.Toolkit.Editor.ServiceInspectors.csproj", "{D9072246-03DB-9241-1132-C499CAD6B020}"
EndProject
Project("{FAE04EC0-301F-11D3-BF4B-00C04F79EFBC}") = "Microsoft.MixedReality.Toolkit.SDK.Experimental.Inspectors", "Microsoft.MixedReality.Toolkit.SDK.Experimental.Inspectors.csproj", "{353933E2-356F-453D-8E73-8FDFD588A009}"
EndProject
Project("{FAE04EC0-301F-11D3-BF4B-00C04F79EFBC}") = "Microsoft.MixedReality.Toolkit.Editor.Utilities", "Microsoft.MixedReality.Toolkit.Editor.Utilities.csproj", "{6E415488-C30A-614B-88E8-CE43BB30F275}"
EndProject
Project("{FAE04EC0-301F-11D3-BF4B-00C04F79EFBC}") = "Microsoft.MixedReality.Toolkit.Providers.ObjectMeshObserver", "Microsoft.MixedReality.Toolkit.Providers.ObjectMeshObserver.csproj", "{5ABB8273-AF1F-C97F-2A81-C72AE8B124C3}"
EndProject
Project("{FAE04EC0-301F-11D3-BF4B-00C04F79EFBC}") = "Microsoft.MixedReality.Toolkit.Editor.ClassExtensions", "Microsoft.MixedReality.Toolkit.Editor.ClassExtensions.csproj", "{D964BE5D-603F-3AEC-3DEF-3330A8670747}"
EndProject
Project("{FAE04EC0-301F-11D3-BF4B-00C04F79EFBC}") = "Microsoft.MixedReality.Toolkit.Gltf.Importers", "Microsoft.MixedReality.Toolkit.Gltf.Importers.csproj", "{1B914106-43F6-8C91-783E-D512E63516A4}"
EndProject
Project("{FAE04EC0-301F-11D3-BF4B-00C04F79EFBC}") = "Microsoft.MixedReality.Toolkit.Services.InputSimulation.Editor", "Microsoft.MixedReality.Toolkit.Services.InputSimulation.Editor.csproj", "{B9A1DB18-EAD1-F4E3-E562-DE7F2464BD60}"
EndProject
Project("{FAE04EC0-301F-11D3-BF4B-00C04F79EFBC}") = "Microsoft.MixedReality.Toolkit.Editor.BuildAndDeploy", "Microsoft.MixedReality.Toolkit.Editor.BuildAndDeploy.csproj", "{B7C18C40-D8DC-D8CF-3D95-32FFBCEB96FF}"
EndProject
Project("{FAE04EC0-301F-11D3-BF4B-00C04F79EFBC}") = "Microsoft.MixedReality.Toolkit.Providers.WindowsMixedReality.Editor", "Microsoft.MixedReality.Toolkit.Providers.WindowsMixedReality.Editor.csproj", "{7C7A26F3-6006-2E8E-8988-3C5F64085DA0}"
EndProject
Project("{FAE04EC0-301F-11D3-BF4B-00C04F79EFBC}") = "Microsoft.MixedReality.Toolkit.Services.InputSystem.Editor", "Microsoft.MixedReality.Toolkit.Services.InputSystem.Editor.csproj", "{ED41E7F5-D2C5-1619-50B3-E4FA68978F3D}"
EndProject
Global
	GlobalSection(SolutionConfigurationPlatforms) = preSolution
		Debug|Any CPU = Debug|Any CPU
		Release|Any CPU = Release|Any CPU
	EndGlobalSection
	GlobalSection(ProjectConfigurationPlatforms) = postSolution
		{7449765F-172F-DF7D-3A01-4A438B452C89}.Debug|Any CPU.ActiveCfg = Debug|Any CPU
		{7449765F-172F-DF7D-3A01-4A438B452C89}.Debug|Any CPU.Build.0 = Debug|Any CPU
		{7449765F-172F-DF7D-3A01-4A438B452C89}.Release|Any CPU.ActiveCfg = Release|Any CPU
		{7449765F-172F-DF7D-3A01-4A438B452C89}.Release|Any CPU.Build.0 = Release|Any CPU
		{03092222-08B3-BAB4-E4AF-13661E6EF966}.Debug|Any CPU.ActiveCfg = Debug|Any CPU
		{03092222-08B3-BAB4-E4AF-13661E6EF966}.Debug|Any CPU.Build.0 = Debug|Any CPU
		{03092222-08B3-BAB4-E4AF-13661E6EF966}.Release|Any CPU.ActiveCfg = Release|Any CPU
		{03092222-08B3-BAB4-E4AF-13661E6EF966}.Release|Any CPU.Build.0 = Release|Any CPU
		{EB767E08-4CD4-15B4-1AF3-47912072015C}.Debug|Any CPU.ActiveCfg = Debug|Any CPU
		{EB767E08-4CD4-15B4-1AF3-47912072015C}.Debug|Any CPU.Build.0 = Debug|Any CPU
		{EB767E08-4CD4-15B4-1AF3-47912072015C}.Release|Any CPU.ActiveCfg = Release|Any CPU
		{EB767E08-4CD4-15B4-1AF3-47912072015C}.Release|Any CPU.Build.0 = Release|Any CPU
		{4158D5CC-C803-61EF-4A40-B4913E2EB528}.Debug|Any CPU.ActiveCfg = Debug|Any CPU
		{4158D5CC-C803-61EF-4A40-B4913E2EB528}.Debug|Any CPU.Build.0 = Debug|Any CPU
		{4158D5CC-C803-61EF-4A40-B4913E2EB528}.Release|Any CPU.ActiveCfg = Release|Any CPU
		{4158D5CC-C803-61EF-4A40-B4913E2EB528}.Release|Any CPU.Build.0 = Release|Any CPU
		{F49256F0-B39A-8C47-F71E-2EF1302A2A36}.Debug|Any CPU.ActiveCfg = Debug|Any CPU
		{F49256F0-B39A-8C47-F71E-2EF1302A2A36}.Debug|Any CPU.Build.0 = Debug|Any CPU
		{F49256F0-B39A-8C47-F71E-2EF1302A2A36}.Release|Any CPU.ActiveCfg = Release|Any CPU
		{F49256F0-B39A-8C47-F71E-2EF1302A2A36}.Release|Any CPU.Build.0 = Release|Any CPU
		{6AF4869D-D64D-29EC-1C10-BB40CAF59057}.Debug|Any CPU.ActiveCfg = Debug|Any CPU
		{6AF4869D-D64D-29EC-1C10-BB40CAF59057}.Debug|Any CPU.Build.0 = Debug|Any CPU
		{6AF4869D-D64D-29EC-1C10-BB40CAF59057}.Release|Any CPU.ActiveCfg = Release|Any CPU
		{6AF4869D-D64D-29EC-1C10-BB40CAF59057}.Release|Any CPU.Build.0 = Release|Any CPU
		{438C9CBD-66EA-9440-4EAE-45C95D274979}.Debug|Any CPU.ActiveCfg = Debug|Any CPU
		{438C9CBD-66EA-9440-4EAE-45C95D274979}.Debug|Any CPU.Build.0 = Debug|Any CPU
		{438C9CBD-66EA-9440-4EAE-45C95D274979}.Release|Any CPU.ActiveCfg = Release|Any CPU
		{438C9CBD-66EA-9440-4EAE-45C95D274979}.Release|Any CPU.Build.0 = Release|Any CPU
		{35118D0D-CFF3-F537-4006-979607B1C221}.Debug|Any CPU.ActiveCfg = Debug|Any CPU
		{35118D0D-CFF3-F537-4006-979607B1C221}.Debug|Any CPU.Build.0 = Debug|Any CPU
		{35118D0D-CFF3-F537-4006-979607B1C221}.Release|Any CPU.ActiveCfg = Release|Any CPU
		{35118D0D-CFF3-F537-4006-979607B1C221}.Release|Any CPU.Build.0 = Release|Any CPU
		{00838AD3-FF17-80ED-5EC7-060511523E67}.Debug|Any CPU.ActiveCfg = Debug|Any CPU
		{00838AD3-FF17-80ED-5EC7-060511523E67}.Debug|Any CPU.Build.0 = Debug|Any CPU
		{00838AD3-FF17-80ED-5EC7-060511523E67}.Release|Any CPU.ActiveCfg = Release|Any CPU
		{00838AD3-FF17-80ED-5EC7-060511523E67}.Release|Any CPU.Build.0 = Release|Any CPU
		{05DBD97F-6BD7-A5FC-99FC-7A568BD205FD}.Debug|Any CPU.ActiveCfg = Debug|Any CPU
		{05DBD97F-6BD7-A5FC-99FC-7A568BD205FD}.Debug|Any CPU.Build.0 = Debug|Any CPU
		{05DBD97F-6BD7-A5FC-99FC-7A568BD205FD}.Release|Any CPU.ActiveCfg = Release|Any CPU
		{05DBD97F-6BD7-A5FC-99FC-7A568BD205FD}.Release|Any CPU.Build.0 = Release|Any CPU
		{87C723CF-32BE-2BF3-851A-7FC1ADBA93CD}.Debug|Any CPU.ActiveCfg = Debug|Any CPU
		{87C723CF-32BE-2BF3-851A-7FC1ADBA93CD}.Debug|Any CPU.Build.0 = Debug|Any CPU
		{87C723CF-32BE-2BF3-851A-7FC1ADBA93CD}.Release|Any CPU.ActiveCfg = Release|Any CPU
		{87C723CF-32BE-2BF3-851A-7FC1ADBA93CD}.Release|Any CPU.Build.0 = Release|Any CPU
		{BC2B8274-C72D-8342-6A12-23DD7170B777}.Debug|Any CPU.ActiveCfg = Debug|Any CPU
		{BC2B8274-C72D-8342-6A12-23DD7170B777}.Debug|Any CPU.Build.0 = Debug|Any CPU
		{BC2B8274-C72D-8342-6A12-23DD7170B777}.Release|Any CPU.ActiveCfg = Release|Any CPU
		{BC2B8274-C72D-8342-6A12-23DD7170B777}.Release|Any CPU.Build.0 = Release|Any CPU
		{BB12537D-1024-1BA3-32D5-90C631A5D7A7}.Debug|Any CPU.ActiveCfg = Debug|Any CPU
		{BB12537D-1024-1BA3-32D5-90C631A5D7A7}.Debug|Any CPU.Build.0 = Debug|Any CPU
		{BB12537D-1024-1BA3-32D5-90C631A5D7A7}.Release|Any CPU.ActiveCfg = Release|Any CPU
		{BB12537D-1024-1BA3-32D5-90C631A5D7A7}.Release|Any CPU.Build.0 = Release|Any CPU
		{3C6F19F6-AA53-DE1A-2245-6E2AB99A0A95}.Debug|Any CPU.ActiveCfg = Debug|Any CPU
		{3C6F19F6-AA53-DE1A-2245-6E2AB99A0A95}.Debug|Any CPU.Build.0 = Debug|Any CPU
		{3C6F19F6-AA53-DE1A-2245-6E2AB99A0A95}.Release|Any CPU.ActiveCfg = Release|Any CPU
		{3C6F19F6-AA53-DE1A-2245-6E2AB99A0A95}.Release|Any CPU.Build.0 = Release|Any CPU
		{C5079C72-4C4D-46F1-D8B6-7F8687A15A8A}.Debug|Any CPU.ActiveCfg = Debug|Any CPU
		{C5079C72-4C4D-46F1-D8B6-7F8687A15A8A}.Debug|Any CPU.Build.0 = Debug|Any CPU
		{C5079C72-4C4D-46F1-D8B6-7F8687A15A8A}.Release|Any CPU.ActiveCfg = Release|Any CPU
		{C5079C72-4C4D-46F1-D8B6-7F8687A15A8A}.Release|Any CPU.Build.0 = Release|Any CPU
		{726AD383-C025-DFB3-AA54-F8B82DA60D5C}.Debug|Any CPU.ActiveCfg = Debug|Any CPU
		{726AD383-C025-DFB3-AA54-F8B82DA60D5C}.Debug|Any CPU.Build.0 = Debug|Any CPU
		{726AD383-C025-DFB3-AA54-F8B82DA60D5C}.Release|Any CPU.ActiveCfg = Release|Any CPU
		{726AD383-C025-DFB3-AA54-F8B82DA60D5C}.Release|Any CPU.Build.0 = Release|Any CPU
		{F390FDCA-0D2D-35FB-7CA1-F60AB28B069F}.Debug|Any CPU.ActiveCfg = Debug|Any CPU
		{F390FDCA-0D2D-35FB-7CA1-F60AB28B069F}.Debug|Any CPU.Build.0 = Debug|Any CPU
		{F390FDCA-0D2D-35FB-7CA1-F60AB28B069F}.Release|Any CPU.ActiveCfg = Release|Any CPU
		{F390FDCA-0D2D-35FB-7CA1-F60AB28B069F}.Release|Any CPU.Build.0 = Release|Any CPU
		{95537701-C3D4-879A-F8E3-D0118BE94D01}.Debug|Any CPU.ActiveCfg = Debug|Any CPU
		{95537701-C3D4-879A-F8E3-D0118BE94D01}.Debug|Any CPU.Build.0 = Debug|Any CPU
		{95537701-C3D4-879A-F8E3-D0118BE94D01}.Release|Any CPU.ActiveCfg = Release|Any CPU
		{95537701-C3D4-879A-F8E3-D0118BE94D01}.Release|Any CPU.Build.0 = Release|Any CPU
		{D9072246-03DB-9241-1132-C499CAD6B020}.Debug|Any CPU.ActiveCfg = Debug|Any CPU
		{D9072246-03DB-9241-1132-C499CAD6B020}.Debug|Any CPU.Build.0 = Debug|Any CPU
		{D9072246-03DB-9241-1132-C499CAD6B020}.Release|Any CPU.ActiveCfg = Release|Any CPU
		{D9072246-03DB-9241-1132-C499CAD6B020}.Release|Any CPU.Build.0 = Release|Any CPU
		{353933E2-356F-453D-8E73-8FDFD588A009}.Debug|Any CPU.ActiveCfg = Debug|Any CPU
		{353933E2-356F-453D-8E73-8FDFD588A009}.Debug|Any CPU.Build.0 = Debug|Any CPU
		{353933E2-356F-453D-8E73-8FDFD588A009}.Release|Any CPU.ActiveCfg = Release|Any CPU
		{353933E2-356F-453D-8E73-8FDFD588A009}.Release|Any CPU.Build.0 = Release|Any CPU
		{6E415488-C30A-614B-88E8-CE43BB30F275}.Debug|Any CPU.ActiveCfg = Debug|Any CPU
		{6E415488-C30A-614B-88E8-CE43BB30F275}.Debug|Any CPU.Build.0 = Debug|Any CPU
		{6E415488-C30A-614B-88E8-CE43BB30F275}.Release|Any CPU.ActiveCfg = Release|Any CPU
		{6E415488-C30A-614B-88E8-CE43BB30F275}.Release|Any CPU.Build.0 = Release|Any CPU
		{5ABB8273-AF1F-C97F-2A81-C72AE8B124C3}.Debug|Any CPU.ActiveCfg = Debug|Any CPU
		{5ABB8273-AF1F-C97F-2A81-C72AE8B124C3}.Debug|Any CPU.Build.0 = Debug|Any CPU
		{5ABB8273-AF1F-C97F-2A81-C72AE8B124C3}.Release|Any CPU.ActiveCfg = Release|Any CPU
		{5ABB8273-AF1F-C97F-2A81-C72AE8B124C3}.Release|Any CPU.Build.0 = Release|Any CPU
		{D964BE5D-603F-3AEC-3DEF-3330A8670747}.Debug|Any CPU.ActiveCfg = Debug|Any CPU
		{D964BE5D-603F-3AEC-3DEF-3330A8670747}.Debug|Any CPU.Build.0 = Debug|Any CPU
		{D964BE5D-603F-3AEC-3DEF-3330A8670747}.Release|Any CPU.ActiveCfg = Release|Any CPU
		{D964BE5D-603F-3AEC-3DEF-3330A8670747}.Release|Any CPU.Build.0 = Release|Any CPU
		{1B914106-43F6-8C91-783E-D512E63516A4}.Debug|Any CPU.ActiveCfg = Debug|Any CPU
		{1B914106-43F6-8C91-783E-D512E63516A4}.Debug|Any CPU.Build.0 = Debug|Any CPU
		{1B914106-43F6-8C91-783E-D512E63516A4}.Release|Any CPU.ActiveCfg = Release|Any CPU
		{1B914106-43F6-8C91-783E-D512E63516A4}.Release|Any CPU.Build.0 = Release|Any CPU
		{B9A1DB18-EAD1-F4E3-E562-DE7F2464BD60}.Debug|Any CPU.ActiveCfg = Debug|Any CPU
		{B9A1DB18-EAD1-F4E3-E562-DE7F2464BD60}.Debug|Any CPU.Build.0 = Debug|Any CPU
		{B9A1DB18-EAD1-F4E3-E562-DE7F2464BD60}.Release|Any CPU.ActiveCfg = Release|Any CPU
		{B9A1DB18-EAD1-F4E3-E562-DE7F2464BD60}.Release|Any CPU.Build.0 = Release|Any CPU
		{B7C18C40-D8DC-D8CF-3D95-32FFBCEB96FF}.Debug|Any CPU.ActiveCfg = Debug|Any CPU
		{B7C18C40-D8DC-D8CF-3D95-32FFBCEB96FF}.Debug|Any CPU.Build.0 = Debug|Any CPU
		{B7C18C40-D8DC-D8CF-3D95-32FFBCEB96FF}.Release|Any CPU.ActiveCfg = Release|Any CPU
		{B7C18C40-D8DC-D8CF-3D95-32FFBCEB96FF}.Release|Any CPU.Build.0 = Release|Any CPU
		{7C7A26F3-6006-2E8E-8988-3C5F64085DA0}.Debug|Any CPU.ActiveCfg = Debug|Any CPU
		{7C7A26F3-6006-2E8E-8988-3C5F64085DA0}.Debug|Any CPU.Build.0 = Debug|Any CPU
		{7C7A26F3-6006-2E8E-8988-3C5F64085DA0}.Release|Any CPU.ActiveCfg = Release|Any CPU
		{7C7A26F3-6006-2E8E-8988-3C5F64085DA0}.Release|Any CPU.Build.0 = Release|Any CPU
		{ED41E7F5-D2C5-1619-50B3-E4FA68978F3D}.Debug|Any CPU.ActiveCfg = Debug|Any CPU
		{ED41E7F5-D2C5-1619-50B3-E4FA68978F3D}.Debug|Any CPU.Build.0 = Debug|Any CPU
		{ED41E7F5-D2C5-1619-50B3-E4FA68978F3D}.Release|Any CPU.ActiveCfg = Release|Any CPU
		{ED41E7F5-D2C5-1619-50B3-E4FA68978F3D}.Release|Any CPU.Build.0 = Release|Any CPU
	EndGlobalSection
	GlobalSection(SolutionProperties) = preSolution
		HideSolutionNode = FALSE
	EndGlobalSection
EndGlobal
